lockfileVersion: '6.0'

settings:
  autoInstallPeers: true
  excludeLinksFromLockfile: false

devDependencies:
  '@parcel/transformer-sass':
    specifier: 2.12.0
    version: 2.12.0(@parcel/core@2.12.0)

packages:

  /@lezer/common@1.2.3:
    resolution: {integrity: sha512-w7ojc8ejBqr2REPsWxJjrMFsA/ysDCFICn8zEOR9mrqzOu2amhITYuLD8ag6XZf0CFXDrhKqw7+tW8cX66NaDA==}
    dev: true

  /@lezer/lr@1.4.2:
    resolution: {integrity: sha512-pu0K1jCIdnQ12aWNaAVU5bzi7Bd1w54J3ECgANPmYLtQKP0HBj2cE/5coBD66MT10xbtIuUr7tg0Shbsvk0mDA==}
    dependencies:
      '@lezer/common': 1.2.3
    dev: true

  /@lmdb/lmdb-darwin-arm64@2.8.5:
    resolution: {integrity: sha512-KPDeVScZgA1oq0CiPBcOa3kHIqU+pTOwRFDIhxvmf8CTNvqdZQYp5cCKW0bUk69VygB2PuTiINFWbY78aR2pQw==}
    cpu: [arm64]
    os: [darwin]
    requiresBuild: true
    dev: true
    optional: true

  /@lmdb/lmdb-darwin-x64@2.8.5:
    resolution: {integrity: sha512-w/sLhN4T7MW1nB3R/U8WK5BgQLz904wh+/SmA2jD8NnF7BLLoUgflCNxOeSPOWp8geP6nP/+VjWzZVip7rZ1ug==}
    cpu: [x64]
    os: [darwin]
    requiresBuild: true
    dev: true
    optional: true

  /@lmdb/lmdb-linux-arm64@2.8.5:
    resolution: {integrity: sha512-vtbZRHH5UDlL01TT5jB576Zox3+hdyogvpcbvVJlmU5PdL3c5V7cj1EODdh1CHPksRl+cws/58ugEHi8bcj4Ww==}
    cpu: [arm64]
    os: [linux]
    requiresBuild: true
    dev: true
    optional: true

  /@lmdb/lmdb-linux-arm@2.8.5:
    resolution: {integrity: sha512-c0TGMbm2M55pwTDIfkDLB6BpIsgxV4PjYck2HiOX+cy/JWiBXz32lYbarPqejKs9Flm7YVAKSILUducU9g2RVg==}
    cpu: [arm]
    os: [linux]
    requiresBuild: true
    dev: true
    optional: true

  /@lmdb/lmdb-linux-x64@2.8.5:
    resolution: {integrity: sha512-Xkc8IUx9aEhP0zvgeKy7IQ3ReX2N8N1L0WPcQwnZweWmOuKfwpS3GRIYqLtK5za/w3E60zhFfNdS+3pBZPytqQ==}
    cpu: [x64]
    os: [linux]
    requiresBuild: true
    dev: true
    optional: true

  /@lmdb/lmdb-win32-x64@2.8.5:
    resolution: {integrity: sha512-4wvrf5BgnR8RpogHhtpCPJMKBmvyZPhhUtEwMJbXh0ni2BucpfF07jlmyM11zRqQ2XIq6PbC2j7W7UCCcm1rRQ==}
    cpu: [x64]
    os: [win32]
    requiresBuild: true
    dev: true
    optional: true

  /@mischnic/json-sourcemap@0.1.1:
    resolution: {integrity: sha512-iA7+tyVqfrATAIsIRWQG+a7ZLLD0VaOCKV2Wd/v4mqIU3J9c4jx9p7S0nw1XH3gJCKNBOOwACOPYYSUu9pgT+w==}
    engines: {node: '>=12.0.0'}
    dependencies:
      '@lezer/common': 1.2.3
      '@lezer/lr': 1.4.2
      json5: 2.2.3
    dev: true

  /@msgpackr-extract/msgpackr-extract-darwin-arm64@3.0.3:
    resolution: {integrity: sha512-QZHtlVgbAdy2zAqNA9Gu1UpIuI8Xvsd1v8ic6B2pZmeFnFcMWiPLfWXh7TVw4eGEZ/C9TH281KwhVoeQUKbyjw==}
    cpu: [arm64]
    os: [darwin]
    requiresBuild: true
    dev: true
    optional: true

  /@msgpackr-extract/msgpackr-extract-darwin-x64@3.0.3:
    resolution: {integrity: sha512-mdzd3AVzYKuUmiWOQ8GNhl64/IoFGol569zNRdkLReh6LRLHOXxU4U8eq0JwaD8iFHdVGqSy4IjFL4reoWCDFw==}
    cpu: [x64]
    os: [darwin]
    requiresBuild: true
    dev: true
    optional: true

  /@msgpackr-extract/msgpackr-extract-linux-arm64@3.0.3:
    resolution: {integrity: sha512-YxQL+ax0XqBJDZiKimS2XQaf+2wDGVa1enVRGzEvLLVFeqa5kx2bWbtcSXgsxjQB7nRqqIGFIcLteF/sHeVtQg==}
    cpu: [arm64]
    os: [linux]
    requiresBuild: true
    dev: true
    optional: true

  /@msgpackr-extract/msgpackr-extract-linux-arm@3.0.3:
    resolution: {integrity: sha512-fg0uy/dG/nZEXfYilKoRe7yALaNmHoYeIoJuJ7KJ+YyU2bvY8vPv27f7UKhGRpY6euFYqEVhxCFZgAUNQBM3nw==}
    cpu: [arm]
    os: [linux]
    requiresBuild: true
    dev: true
    optional: true

  /@msgpackr-extract/msgpackr-extract-linux-x64@3.0.3:
    resolution: {integrity: sha512-cvwNfbP07pKUfq1uH+S6KJ7dT9K8WOE4ZiAcsrSes+UY55E/0jLYc+vq+DO7jlmqRb5zAggExKm0H7O/CBaesg==}
    cpu: [x64]
    os: [linux]
    requiresBuild: true
    dev: true
    optional: true

  /@msgpackr-extract/msgpackr-extract-win32-x64@3.0.3:
    resolution: {integrity: sha512-x0fWaQtYp4E6sktbsdAqnehxDgEc/VwM7uLsRCYWaiGu0ykYdZPiS8zCWdnjHwyiumousxfBm4SO31eXqwEZhQ==}
    cpu: [x64]
    os: [win32]
    requiresBuild: true
    dev: true
    optional: true

  /@parcel/cache@2.12.0(@parcel/core@2.12.0):
    resolution: {integrity: sha512-FX5ZpTEkxvq/yvWklRHDESVRz+c7sLTXgFuzz6uEnBcXV38j6dMSikflNpHA6q/L4GKkCqRywm9R6XQwhwIMyw==}
    engines: {node: '>= 12.0.0'}
    peerDependencies:
      '@parcel/core': ^2.12.0
    dependencies:
      '@parcel/core': 2.12.0
      '@parcel/fs': 2.12.0(@parcel/core@2.12.0)
      '@parcel/logger': 2.12.0
      '@parcel/utils': 2.12.0
      lmdb: 2.8.5
    dev: true

  /@parcel/codeframe@2.12.0:
    resolution: {integrity: sha512-v2VmneILFiHZJTxPiR7GEF1wey1/IXPdZMcUlNXBiPZyWDfcuNgGGVQkx/xW561rULLIvDPharOMdxz5oHOKQg==}
    engines: {node: '>= 12.0.0'}
    dependencies:
      chalk: 4.1.2
    dev: true

  /@parcel/core@2.12.0:
    resolution: {integrity: sha512-s+6pwEj+GfKf7vqGUzN9iSEPueUssCCQrCBUlcAfKrJe0a22hTUCjewpB0I7lNrCIULt8dkndD+sMdOrXsRl6Q==}
    engines: {node: '>= 12.0.0'}
    dependencies:
      '@mischnic/json-sourcemap': 0.1.1
      '@parcel/cache': 2.12.0(@parcel/core@2.12.0)
      '@parcel/diagnostic': 2.12.0
      '@parcel/events': 2.12.0
      '@parcel/fs': 2.12.0(@parcel/core@2.12.0)
      '@parcel/graph': 3.2.0
      '@parcel/logger': 2.12.0
      '@parcel/package-manager': 2.12.0(@parcel/core@2.12.0)
      '@parcel/plugin': 2.12.0(@parcel/core@2.12.0)
      '@parcel/profiler': 2.12.0
      '@parcel/rust': 2.12.0
      '@parcel/source-map': 2.1.1
      '@parcel/types': 2.12.0(@parcel/core@2.12.0)
      '@parcel/utils': 2.12.0
      '@parcel/workers': 2.12.0(@parcel/core@2.12.0)
      abortcontroller-polyfill: 1.7.5
      base-x: 3.0.10
      browserslist: 4.24.0
      clone: 2.1.2
      dotenv: 7.0.0
      dotenv-expand: 5.1.0
      json5: 2.2.3
      msgpackr: 1.11.0
      nullthrows: 1.1.1
      semver: 7.6.3
    transitivePeerDependencies:
      - '@swc/helpers'
    dev: true

  /@parcel/diagnostic@2.12.0:
    resolution: {integrity: sha512-8f1NOsSFK+F4AwFCKynyIu9Kr/uWHC+SywAv4oS6Bv3Acig0gtwUjugk0C9UaB8ztBZiW5TQZhw+uPZn9T/lJA==}
    engines: {node: '>= 12.0.0'}
    dependencies:
      '@mischnic/json-sourcemap': 0.1.1
      nullthrows: 1.1.1
    dev: true

  /@parcel/events@2.12.0:
    resolution: {integrity: sha512-nmAAEIKLjW1kB2cUbCYSmZOGbnGj8wCzhqnK727zCCWaA25ogzAtt657GPOeFyqW77KyosU728Tl63Fc8hphIA==}
    engines: {node: '>= 12.0.0'}
    dev: true

  /@parcel/fs@2.12.0(@parcel/core@2.12.0):
    resolution: {integrity: sha512-NnFkuvou1YBtPOhTdZr44WN7I60cGyly2wpHzqRl62yhObyi1KvW0SjwOMa0QGNcBOIzp4G0CapoZ93hD0RG5Q==}
    engines: {node: '>= 12.0.0'}
    peerDependencies:
      '@parcel/core': ^2.12.0
    dependencies:
      '@parcel/core': 2.12.0
      '@parcel/rust': 2.12.0
      '@parcel/types': 2.12.0(@parcel/core@2.12.0)
      '@parcel/utils': 2.12.0
      '@parcel/watcher': 2.4.1
      '@parcel/workers': 2.12.0(@parcel/core@2.12.0)
    transitivePeerDependencies:
      - '@swc/helpers'
    dev: true

  /@parcel/graph@3.2.0:
    resolution: {integrity: sha512-xlrmCPqy58D4Fg5umV7bpwDx5Vyt7MlnQPxW68vae5+BA4GSWetfZt+Cs5dtotMG2oCHzZxhIPt7YZ7NRyQzLA==}
    engines: {node: '>= 12.0.0'}
    dependencies:
      nullthrows: 1.1.1
    dev: true

  /@parcel/logger@2.12.0:
    resolution: {integrity: sha512-cJ7Paqa7/9VJ7C+KwgJlwMqTQBOjjn71FbKk0G07hydUEBISU2aDfmc/52o60ErL9l+vXB26zTrIBanbxS8rVg==}
    engines: {node: '>= 12.0.0'}
    dependencies:
      '@parcel/diagnostic': 2.12.0
      '@parcel/events': 2.12.0
    dev: true

  /@parcel/markdown-ansi@2.12.0:
    resolution: {integrity: sha512-WZz3rzL8k0H3WR4qTHX6Ic8DlEs17keO9gtD4MNGyMNQbqQEvQ61lWJaIH0nAtgEetu0SOITiVqdZrb8zx/M7w==}
    engines: {node: '>= 12.0.0'}
    dependencies:
      chalk: 4.1.2
    dev: true

  /@parcel/node-resolver-core@3.3.0(@parcel/core@2.12.0):
    resolution: {integrity: sha512-rhPW9DYPEIqQBSlYzz3S0AjXxjN6Ub2yS6tzzsW/4S3Gpsgk/uEq4ZfxPvoPf/6TgZndVxmKwpmxaKtGMmf3cA==}
    engines: {node: '>= 12.0.0'}
    dependencies:
      '@mischnic/json-sourcemap': 0.1.1
      '@parcel/diagnostic': 2.12.0
      '@parcel/fs': 2.12.0(@parcel/core@2.12.0)
      '@parcel/rust': 2.12.0
      '@parcel/utils': 2.12.0
      nullthrows: 1.1.1
      semver: 7.6.3
    transitivePeerDependencies:
      - '@parcel/core'
    dev: true

  /@parcel/package-manager@2.12.0(@parcel/core@2.12.0):
    resolution: {integrity: sha512-0nvAezcjPx9FT+hIL+LS1jb0aohwLZXct7jAh7i0MLMtehOi0z1Sau+QpgMlA9rfEZZ1LIeFdnZZwqSy7Ccspw==}
    engines: {node: '>= 12.0.0'}
    peerDependencies:
      '@parcel/core': ^2.12.0
    dependencies:
      '@parcel/core': 2.12.0
      '@parcel/diagnostic': 2.12.0
      '@parcel/fs': 2.12.0(@parcel/core@2.12.0)
      '@parcel/logger': 2.12.0
      '@parcel/node-resolver-core': 3.3.0(@parcel/core@2.12.0)
      '@parcel/types': 2.12.0(@parcel/core@2.12.0)
      '@parcel/utils': 2.12.0
      '@parcel/workers': 2.12.0(@parcel/core@2.12.0)
      '@swc/core': 1.7.36
      semver: 7.6.3
    transitivePeerDependencies:
      - '@swc/helpers'
    dev: true

  /@parcel/plugin@2.12.0(@parcel/core@2.12.0):
    resolution: {integrity: sha512-nc/uRA8DiMoe4neBbzV6kDndh/58a4wQuGKw5oEoIwBCHUvE2W8ZFSu7ollSXUGRzfacTt4NdY8TwS73ScWZ+g==}
    engines: {node: '>= 12.0.0'}
    dependencies:
      '@parcel/types': 2.12.0(@parcel/core@2.12.0)
    transitivePeerDependencies:
      - '@parcel/core'
      - '@swc/helpers'
    dev: true

  /@parcel/profiler@2.12.0:
    resolution: {integrity: sha512-q53fvl5LDcFYzMUtSusUBZSjQrKjMlLEBgKeQHFwkimwR1mgoseaDBDuNz0XvmzDzF1UelJ02TUKCGacU8W2qA==}
    engines: {node: '>= 12.0.0'}
    dependencies:
      '@parcel/diagnostic': 2.12.0
      '@parcel/events': 2.12.0
      chrome-trace-event: 1.0.4
    dev: true

  /@parcel/rust@2.12.0:
    resolution: {integrity: sha512-005cldMdFZFDPOjbDVEXcINQ3wT4vrxvSavRWI3Az0e3E18exO/x/mW9f648KtXugOXMAqCEqhFHcXECL9nmMw==}
    engines: {node: '>= 12.0.0'}
    dev: true

  /@parcel/source-map@2.1.1:
    resolution: {integrity: sha512-Ejx1P/mj+kMjQb8/y5XxDUn4reGdr+WyKYloBljpppUy8gs42T+BNoEOuRYqDVdgPc6NxduzIDoJS9pOFfV5Ew==}
    engines: {node: ^12.18.3 || >=14}
    dependencies:
      detect-libc: 1.0.3
    dev: true

  /@parcel/transformer-sass@2.12.0(@parcel/core@2.12.0):
    resolution: {integrity: sha512-xLLoSLPST+2AHJwFRLl4foArDjjy6P1RChP3TxMU2MVS1sbKGJnfFhFpHAacH8ASjuGtu5rbpfpHRZePlvoZxw==}
    engines: {node: '>= 12.0.0', parcel: ^2.12.0}
    dependencies:
      '@parcel/plugin': 2.12.0(@parcel/core@2.12.0)
      '@parcel/source-map': 2.1.1
      sass: 1.80.3
    transitivePeerDependencies:
      - '@parcel/core'
      - '@swc/helpers'
    dev: true

  /@parcel/types@2.12.0(@parcel/core@2.12.0):
    resolution: {integrity: sha512-8zAFiYNCwNTQcglIObyNwKfRYQK5ELlL13GuBOrSMxueUiI5ylgsGbTS1N7J3dAGZixHO8KhHGv5a71FILn9rQ==}
    dependencies:
      '@parcel/cache': 2.12.0(@parcel/core@2.12.0)
      '@parcel/diagnostic': 2.12.0
      '@parcel/fs': 2.12.0(@parcel/core@2.12.0)
      '@parcel/package-manager': 2.12.0(@parcel/core@2.12.0)
      '@parcel/source-map': 2.1.1
      '@parcel/workers': 2.12.0(@parcel/core@2.12.0)
      utility-types: 3.11.0
    transitivePeerDependencies:
      - '@parcel/core'
      - '@swc/helpers'
    dev: true

  /@parcel/utils@2.12.0:
    resolution: {integrity: sha512-z1JhLuZ8QmDaYoEIuUCVZlhcFrS7LMfHrb2OCRui5SQFntRWBH2fNM6H/fXXUkT9SkxcuFP2DUA6/m4+Gkz72g==}
    engines: {node: '>= 12.0.0'}
    dependencies:
      '@parcel/codeframe': 2.12.0
      '@parcel/diagnostic': 2.12.0
      '@parcel/logger': 2.12.0
      '@parcel/markdown-ansi': 2.12.0
      '@parcel/rust': 2.12.0
      '@parcel/source-map': 2.1.1
      chalk: 4.1.2
      nullthrows: 1.1.1
    dev: true

  /@parcel/watcher-android-arm64@2.4.1:
    resolution: {integrity: sha512-LOi/WTbbh3aTn2RYddrO8pnapixAziFl6SMxHM69r3tvdSm94JtCenaKgk1GRg5FJ5wpMCpHeW+7yqPlvZv7kg==}
    engines: {node: '>= 10.0.0'}
    cpu: [arm64]
    os: [android]
    requiresBuild: true
    dev: true
    optional: true

  /@parcel/watcher-darwin-arm64@2.4.1:
    resolution: {integrity: sha512-ln41eihm5YXIY043vBrrHfn94SIBlqOWmoROhsMVTSXGh0QahKGy77tfEywQ7v3NywyxBBkGIfrWRHm0hsKtzA==}
    engines: {node: '>= 10.0.0'}
    cpu: [arm64]
    os: [darwin]
    requiresBuild: true
    dev: true
    optional: true

  /@parcel/watcher-darwin-x64@2.4.1:
    resolution: {integrity: sha512-yrw81BRLjjtHyDu7J61oPuSoeYWR3lDElcPGJyOvIXmor6DEo7/G2u1o7I38cwlcoBHQFULqF6nesIX3tsEXMg==}
    engines: {node: '>= 10.0.0'}
    cpu: [x64]
    os: [darwin]
    requiresBuild: true
    dev: true
    optional: true

  /@parcel/watcher-freebsd-x64@2.4.1:
    resolution: {integrity: sha512-TJa3Pex/gX3CWIx/Co8k+ykNdDCLx+TuZj3f3h7eOjgpdKM+Mnix37RYsYU4LHhiYJz3DK5nFCCra81p6g050w==}
    engines: {node: '>= 10.0.0'}
    cpu: [x64]
    os: [freebsd]
    requiresBuild: true
    dev: true
    optional: true

  /@parcel/watcher-linux-arm-glibc@2.4.1:
    resolution: {integrity: sha512-4rVYDlsMEYfa537BRXxJ5UF4ddNwnr2/1O4MHM5PjI9cvV2qymvhwZSFgXqbS8YoTk5i/JR0L0JDs69BUn45YA==}
    engines: {node: '>= 10.0.0'}
    cpu: [arm]
    os: [linux]
    requiresBuild: true
    dev: true
    optional: true

  /@parcel/watcher-linux-arm64-glibc@2.4.1:
    resolution: {integrity: sha512-BJ7mH985OADVLpbrzCLgrJ3TOpiZggE9FMblfO65PlOCdG++xJpKUJ0Aol74ZUIYfb8WsRlUdgrZxKkz3zXWYA==}
    engines: {node: '>= 10.0.0'}
    cpu: [arm64]
    os: [linux]
    requiresBuild: true
    dev: true
    optional: true

  /@parcel/watcher-linux-arm64-musl@2.4.1:
    resolution: {integrity: sha512-p4Xb7JGq3MLgAfYhslU2SjoV9G0kI0Xry0kuxeG/41UfpjHGOhv7UoUDAz/jb1u2elbhazy4rRBL8PegPJFBhA==}
    engines: {node: '>= 10.0.0'}
    cpu: [arm64]
    os: [linux]
    requiresBuild: true
    dev: true
    optional: true

  /@parcel/watcher-linux-x64-glibc@2.4.1:
    resolution: {integrity: sha512-s9O3fByZ/2pyYDPoLM6zt92yu6P4E39a03zvO0qCHOTjxmt3GHRMLuRZEWhWLASTMSrrnVNWdVI/+pUElJBBBg==}
    engines: {node: '>= 10.0.0'}
    cpu: [x64]
    os: [linux]
    requiresBuild: true
    dev: true
    optional: true

  /@parcel/watcher-linux-x64-musl@2.4.1:
    resolution: {integrity: sha512-L2nZTYR1myLNST0O632g0Dx9LyMNHrn6TOt76sYxWLdff3cB22/GZX2UPtJnaqQPdCRoszoY5rcOj4oMTtp5fQ==}
    engines: {node: '>= 10.0.0'}
    cpu: [x64]
    os: [linux]
    requiresBuild: true
    dev: true
    optional: true

  /@parcel/watcher-win32-arm64@2.4.1:
    resolution: {integrity: sha512-Uq2BPp5GWhrq/lcuItCHoqxjULU1QYEcyjSO5jqqOK8RNFDBQnenMMx4gAl3v8GiWa59E9+uDM7yZ6LxwUIfRg==}
    engines: {node: '>= 10.0.0'}
    cpu: [arm64]
    os: [win32]
    requiresBuild: true
    dev: true
    optional: true

  /@parcel/watcher-win32-ia32@2.4.1:
    resolution: {integrity: sha512-maNRit5QQV2kgHFSYwftmPBxiuK5u4DXjbXx7q6eKjq5dsLXZ4FJiVvlcw35QXzk0KrUecJmuVFbj4uV9oYrcw==}
    engines: {node: '>= 10.0.0'}
    cpu: [ia32]
    os: [win32]
    requiresBuild: true
    dev: true
    optional: true

  /@parcel/watcher-win32-x64@2.4.1:
    resolution: {integrity: sha512-+DvS92F9ezicfswqrvIRM2njcYJbd5mb9CUgtrHCHmvn7pPPa+nMDRu1o1bYYz/l5IB2NVGNJWiH7h1E58IF2A==}
    engines: {node: '>= 10.0.0'}
    cpu: [x64]
    os: [win32]
    requiresBuild: true
    dev: true
    optional: true

  /@parcel/watcher@2.4.1:
    resolution: {integrity: sha512-HNjmfLQEVRZmHRET336f20H/8kOozUGwk7yajvsonjNxbj2wBTK1WsQuHkD5yYh9RxFGL2EyDHryOihOwUoKDA==}
    engines: {node: '>= 10.0.0'}
    dependencies:
      detect-libc: 1.0.3
      is-glob: 4.0.3
      micromatch: 4.0.8
      node-addon-api: 7.1.1
    optionalDependencies:
      '@parcel/watcher-android-arm64': 2.4.1
      '@parcel/watcher-darwin-arm64': 2.4.1
      '@parcel/watcher-darwin-x64': 2.4.1
      '@parcel/watcher-freebsd-x64': 2.4.1
      '@parcel/watcher-linux-arm-glibc': 2.4.1
      '@parcel/watcher-linux-arm64-glibc': 2.4.1
      '@parcel/watcher-linux-arm64-musl': 2.4.1
      '@parcel/watcher-linux-x64-glibc': 2.4.1
      '@parcel/watcher-linux-x64-musl': 2.4.1
      '@parcel/watcher-win32-arm64': 2.4.1
      '@parcel/watcher-win32-ia32': 2.4.1
      '@parcel/watcher-win32-x64': 2.4.1
    dev: true

  /@parcel/workers@2.12.0(@parcel/core@2.12.0):
    resolution: {integrity: sha512-zv5We5Jmb+ZWXlU6A+AufyjY4oZckkxsZ8J4dvyWL0W8IQvGO1JB4FGeryyttzQv3RM3OxcN/BpTGPiDG6keBw==}
    engines: {node: '>= 12.0.0'}
    peerDependencies:
      '@parcel/core': ^2.12.0
    dependencies:
      '@parcel/core': 2.12.0
      '@parcel/diagnostic': 2.12.0
      '@parcel/logger': 2.12.0
      '@parcel/profiler': 2.12.0
      '@parcel/types': 2.12.0(@parcel/core@2.12.0)
      '@parcel/utils': 2.12.0
      nullthrows: 1.1.1
    transitivePeerDependencies:
      - '@swc/helpers'
    dev: true

  /@swc/core-darwin-arm64@1.7.36:
    resolution: {integrity: sha512-8vDczXzCgv3ceTPhEivlpGprN44YlrCK1nbfU9g2TrhV/Aiqi09W/eM5zLesdoM1Z3mJl492gc/8nlTkpDdusw==}
    engines: {node: '>=10'}
    cpu: [arm64]
    os: [darwin]
    requiresBuild: true
    dev: true
    optional: true

  /@swc/core-darwin-x64@1.7.36:
    resolution: {integrity: sha512-Pa2Gao7+Wf5m3SsK4abKRtd48AtoUnJInvaC3d077swBfgZjbjUbQvcpdc2dOeQtWwo49rFqUZJonMsL0jnPgQ==}
    engines: {node: '>=10'}
    cpu: [x64]
    os: [darwin]
    requiresBuild: true
    dev: true
    optional: true

  /@swc/core-linux-arm-gnueabihf@1.7.36:
    resolution: {integrity: sha512-3YsMWd7V+WZEjbfBnLkkz/olcRBa8nyoK0iIOnNARJBMcYaJxjkJSMZpmSojCnIVwvjA1N83CPAbUL+W+fCnHg==}
    engines: {node: '>=10'}
    cpu: [arm]
    os: [linux]
    requiresBuild: true
    dev: true
    optional: true

  /@swc/core-linux-arm64-gnu@1.7.36:
    resolution: {integrity: sha512-lqM3aBB7kJazJYOwHeA5OGNLqXoQPZ/76b3dV+XcjN1GhD0CcXz6mW5PRYVin6OSN1eKrKBKJjtDA1mqADDEvw==}
    engines: {node: '>=10'}
    cpu: [arm64]
    os: [linux]
    requiresBuild: true
    dev: true
    optional: true

  /@swc/core-linux-arm64-musl@1.7.36:
    resolution: {integrity: sha512-bqei2YDzvUfG0pth5W2xJaj0eG4XWYk0d/NJ75vBX6bkIzK6dC8iuKQ41jOfUWonnrAs7rTDDJW0sTn/evvRdw==}
    engines: {node: '>=10'}
    cpu: [arm64]
    os: [linux]
    requiresBuild: true
    dev: true
    optional: true

  /@swc/core-linux-x64-gnu@1.7.36:
    resolution: {integrity: sha512-03maXTUyaBjeCxlDltmdzHje1ryQt1C4OWmmNgSSRXjLb+GNnAenwOJMSrcvHP/aNClD2pwsFCnYKDGy+sYE6w==}
    engines: {node: '>=10'}
    cpu: [x64]
    os: [linux]
    requiresBuild: true
    dev: true
    optional: true

  /@swc/core-linux-x64-musl@1.7.36:
    resolution: {integrity: sha512-XXysqLkvjtQnXm1zHqLhy00UYPv/gk5OtwR732X+piNisnEbcJBqI8Qp9O7YvLWllRcoP8IMBGDWLGdGLSpViA==}
    engines: {node: '>=10'}
    cpu: [x64]
    os: [linux]
    requiresBuild: true
    dev: true
    optional: true

  /@swc/core-win32-arm64-msvc@1.7.36:
    resolution: {integrity: sha512-k7+dmb13a/zPw+E4XYfPmLZFWJgcOcBRKIjYl9nQErtYsgsg3Ji6TBbsvJVETy23lNHyewZ17V5Vq6NzaG0hzg==}
    engines: {node: '>=10'}
    cpu: [arm64]
    os: [win32]
    requiresBuild: true
    dev: true
    optional: true

  /@swc/core-win32-ia32-msvc@1.7.36:
    resolution: {integrity: sha512-ridD3ay6YM2PEYHZXXFN+edYEv0FOynaqOBP+NSnGNHA35azItIjoIe+KNi4WltGtAjpKCHSpjGCNfna12wdYQ==}
    engines: {node: '>=10'}
    cpu: [ia32]
    os: [win32]
    requiresBuild: true
    dev: true
    optional: true

  /@swc/core-win32-x64-msvc@1.7.36:
    resolution: {integrity: sha512-j1z2Z1Ln9d0E3dHsPkC1K9XDh0ojhRPwV+GfRTu4D61PE+aYhYLvbJC6xPvL4/204QrStRS7eDu3m+BcDp3rgQ==}
    engines: {node: '>=10'}
    cpu: [x64]
    os: [win32]
    requiresBuild: true
    dev: true
    optional: true

  /@swc/core@1.7.36:
    resolution: {integrity: sha512-bu7ymMX+LCJOSSrKank25Jaq66ymLVA9fOUuy4ck3/6rbXdLw+pIJPnIDKQ9uNcxww8KDxOuJk9Ui9pqR+aGFw==}
    engines: {node: '>=10'}
    requiresBuild: true
    peerDependencies:
      '@swc/helpers': '*'
    peerDependenciesMeta:
      '@swc/helpers':
        optional: true
    dependencies:
      '@swc/counter': 0.1.3
      '@swc/types': 0.1.13
    optionalDependencies:
      '@swc/core-darwin-arm64': 1.7.36
      '@swc/core-darwin-x64': 1.7.36
      '@swc/core-linux-arm-gnueabihf': 1.7.36
      '@swc/core-linux-arm64-gnu': 1.7.36
      '@swc/core-linux-arm64-musl': 1.7.36
      '@swc/core-linux-x64-gnu': 1.7.36
      '@swc/core-linux-x64-musl': 1.7.36
      '@swc/core-win32-arm64-msvc': 1.7.36
      '@swc/core-win32-ia32-msvc': 1.7.36
      '@swc/core-win32-x64-msvc': 1.7.36
    dev: true

  /@swc/counter@0.1.3:
    resolution: {integrity: sha512-e2BR4lsJkkRlKZ/qCHPw9ZaSxc0MVUd7gtbtaB7aMvHeJVYe8sOB8DBZkP2DtISHGSku9sCK6T6cnY0CtXrOCQ==}
    dev: true

  /@swc/types@0.1.13:
    resolution: {integrity: sha512-JL7eeCk6zWCbiYQg2xQSdLXQJl8Qoc9rXmG2cEKvHe3CKwMHwHGpfOb8frzNLmbycOo6I51qxnLnn9ESf4I20Q==}
    dependencies:
      '@swc/counter': 0.1.3
    dev: true

  /abortcontroller-polyfill@1.7.5:
    resolution: {integrity: sha512-JMJ5soJWP18htbbxJjG7bG6yuI6pRhgJ0scHHTfkUjf6wjP912xZWvM+A4sJK3gqd9E8fcPbDnOefbA9Th/FIQ==}
    dev: true

  /ansi-styles@4.3.0:
    resolution: {integrity: sha512-zbB9rCJAT1rbjiVDb2hqKFHNYLxgtk8NURxZ3IZwD3F6NtxbXZQCnnSi1Lkx+IDohdPlFp222wVALIheZJQSEg==}
    engines: {node: '>=8'}
    dependencies:
      color-convert: 2.0.1
    dev: true

  /base-x@3.0.10:
    resolution: {integrity: sha512-7d0s06rR9rYaIWHkpfLIFICM/tkSVdoPC9qYAQRpxn9DdKNWNsKC0uk++akckyLq16Tx2WIinnZ6WRriAt6njQ==}
    dependencies:
      safe-buffer: 5.2.1
    dev: true

  /braces@3.0.3:
    resolution: {integrity: sha512-yQbXgO/OSZVD2IsiLlro+7Hf6Q18EJrKSEsdoMzKePKXct3gvD8oLcOQdIzGupr5Fj+EDe8gO/lxc1BzfMpxvA==}
    engines: {node: '>=8'}
    dependencies:
      fill-range: 7.1.1
    dev: true

  /browserslist@4.24.0:
    resolution: {integrity: sha512-Rmb62sR1Zpjql25eSanFGEhAxcFwfA1K0GuQcLoaJBAcENegrQut3hYdhXFF1obQfiDyqIW/cLM5HSJ/9k884A==}
    engines: {node: ^6 || ^7 || ^8 || ^9 || ^10 || ^11 || ^12 || >=13.7}
    hasBin: true
    dependencies:
      caniuse-lite: 1.0.30001669
      electron-to-chromium: 1.5.41
      node-releases: 2.0.18
      update-browserslist-db: 1.1.1(browserslist@4.24.0)
    dev: true

  /caniuse-lite@1.0.30001669:
    resolution: {integrity: sha512-DlWzFDJqstqtIVx1zeSpIMLjunf5SmwOw0N2Ck/QSQdS8PLS4+9HrLaYei4w8BIAL7IB/UEDu889d8vhCTPA0w==}
    dev: true

  /chalk@4.1.2:
    resolution: {integrity: sha512-oKnbhFyRIXpUuez8iBMmyEa4nbj4IOQyuhc/wy9kY7/WVPcwIO9VA668Pu8RkO7+0G76SLROeyw9CpQ061i4mA==}
    engines: {node: '>=10'}
    dependencies:
      ansi-styles: 4.3.0
      supports-color: 7.2.0
    dev: true

  /chokidar@4.0.1:
    resolution: {integrity: sha512-n8enUVCED/KVRQlab1hr3MVpcVMvxtZjmEa956u+4YijlmQED223XMSYj2tLuKvr4jcCTzNNMpQDUer72MMmzA==}
    engines: {node: '>= 14.16.0'}
    dependencies:
      readdirp: 4.0.2
    dev: true

  /chrome-trace-event@1.0.4:
    resolution: {integrity: sha512-rNjApaLzuwaOTjCiT8lSDdGN1APCiqkChLMJxJPWLunPAt5fy8xgU9/jNOchV84wfIxrA0lRQB7oCT8jrn/wrQ==}
    engines: {node: '>=6.0'}
    dev: true

  /clone@2.1.2:
    resolution: {integrity: sha512-3Pe/CF1Nn94hyhIYpjtiLhdCoEoz0DqQ+988E9gmeEdQZlojxnOb74wctFyuwWQHzqyf9X7C7MG8juUpqBJT8w==}
    engines: {node: '>=0.8'}
    dev: true

  /color-convert@2.0.1:
    resolution: {integrity: sha512-RRECPsj7iu/xb5oKYcsFHSppFNnsj/52OVTRKb4zP5onXwVF3zVmmToNcOfGC+CRDpfK/U584fMg38ZHCaElKQ==}
    engines: {node: '>=7.0.0'}
    dependencies:
      color-name: 1.1.4
    dev: true

  /color-name@1.1.4:
    resolution: {integrity: sha512-dOy+3AuW3a2wNbZHIuMZpTcgjGuLU/uBL/ubcZF9OXbDo8ff4O8yVp5Bf0efS8uEoYo5q4Fx7dY9OgQGXgAsQA==}
    dev: true

  /detect-libc@1.0.3:
    resolution: {integrity: sha512-pGjwhsmsp4kL2RTz08wcOlGN83otlqHeD/Z5T8GXZB+/YcpQ/dgo+lbU8ZsGxV0HIvqqxo9l7mqYwyYMD9bKDg==}
    engines: {node: '>=0.10'}
    hasBin: true
    dev: true

  /detect-libc@2.0.3:
    resolution: {integrity: sha512-bwy0MGW55bG41VqxxypOsdSdGqLwXPI/focwgTYCFMbdUiBAxLg9CFzG08sz2aqzknwiX7Hkl0bQENjg8iLByw==}
    engines: {node: '>=8'}
    dev: true

  /dotenv-expand@5.1.0:
    resolution: {integrity: sha512-YXQl1DSa4/PQyRfgrv6aoNjhasp/p4qs9FjJ4q4cQk+8m4r6k4ZSiEyytKG8f8W9gi8WsQtIObNmKd+tMzNTmA==}
    dev: true

  /dotenv@7.0.0:
    resolution: {integrity: sha512-M3NhsLbV1i6HuGzBUH8vXrtxOk+tWmzWKDMbAVSUp3Zsjm7ywFeuwrUXhmhQyRK1q5B5GGy7hcXPbj3bnfZg2g==}
    engines: {node: '>=6'}
    dev: true

  /electron-to-chromium@1.5.41:
    resolution: {integrity: sha512-dfdv/2xNjX0P8Vzme4cfzHqnPm5xsZXwsolTYr0eyW18IUmNyG08vL+fttvinTfhKfIKdRoqkDIC9e9iWQCNYQ==}
    dev: true

  /escalade@3.2.0:
    resolution: {integrity: sha512-WUj2qlxaQtO4g6Pq5c29GTcWGDyd8itL8zTlipgECz3JesAiiOKotd8JU6otB3PACgG6xkJUyVhboMS+bje/jA==}
    engines: {node: '>=6'}
    dev: true

  /fill-range@7.1.1:
    resolution: {integrity: sha512-YsGpe3WHLK8ZYi4tWDg2Jy3ebRz2rXowDxnld4bkQB00cc/1Zw9AWnC0i9ztDJitivtQvaI9KaLyKrc+hBW0yg==}
    engines: {node: '>=8'}
    dependencies:
      to-regex-range: 5.0.1
    dev: true

  /has-flag@4.0.0:
    resolution: {integrity: sha512-EykJT/Q1KjTWctppgIAgfSO0tKVuZUjhgMr17kqTumMl6Afv3EISleU7qZUzoXDFTAHTDC4NOoG/ZxU3EvlMPQ==}
    engines: {node: '>=8'}
    dev: true

  /immutable@4.3.7:
    resolution: {integrity: sha512-1hqclzwYwjRDFLjcFxOM5AYkkG0rpFPpr1RLPMEuGczoS7YA8gLhy8SWXYRAA/XwfEHpfo3cw5JGioS32fnMRw==}
    dev: true

  /is-extglob@2.1.1:
    resolution: {integrity: sha512-SbKbANkN603Vi4jEZv49LeVJMn4yGwsbzZworEoyEiutsN3nJYdbO36zfhGJ6QEDpOZIFkDtnq5JRxmvl3jsoQ==}
    engines: {node: '>=0.10.0'}
    dev: true

  /is-glob@4.0.3:
    resolution: {integrity: sha512-xelSayHH36ZgE7ZWhli7pW34hNbNl8Ojv5KVmkJD4hBdD3th8Tfk9vYasLM+mXWOZhFkgZfxhLSnrwRr4elSSg==}
    engines: {node: '>=0.10.0'}
    dependencies:
      is-extglob: 2.1.1
    dev: true

  /is-number@7.0.0:
    resolution: {integrity: sha512-41Cifkg6e8TylSpdtTpeLVMqvSBEVzTttHvERD741+pnZ8ANv0004MRL43QKPDlK9cGvNp6NZWZUBlbGXYxxng==}
    engines: {node: '>=0.12.0'}
    dev: true

  /json5@2.2.3:
    resolution: {integrity: sha512-XmOWe7eyHYH14cLdVPoyg+GOH3rYX++KpzrylJwSW98t3Nk+U8XOl8FWKOgwtzdb8lXGf6zYwDUzeHMWfxasyg==}
    engines: {node: '>=6'}
    hasBin: true
    dev: true

  /lmdb@2.8.5:
    resolution: {integrity: sha512-9bMdFfc80S+vSldBmG3HOuLVHnxRdNTlpzR6QDnzqCQtCzGUEAGTzBKYMeIM+I/sU4oZfgbcbS7X7F65/z/oxQ==}
    hasBin: true
    requiresBuild: true
    dependencies:
      msgpackr: 1.11.0
      node-addon-api: 6.1.0
      node-gyp-build-optional-packages: 5.1.1
      ordered-binary: 1.5.2
      weak-lru-cache: 1.2.2
    optionalDependencies:
      '@lmdb/lmdb-darwin-arm64': 2.8.5
      '@lmdb/lmdb-darwin-x64': 2.8.5
      '@lmdb/lmdb-linux-arm': 2.8.5
      '@lmdb/lmdb-linux-arm64': 2.8.5
      '@lmdb/lmdb-linux-x64': 2.8.5
      '@lmdb/lmdb-win32-x64': 2.8.5
    dev: true

  /micromatch@4.0.8:
    resolution: {integrity: sha512-PXwfBhYu0hBCPw8Dn0E+WDYb7af3dSLVWKi3HGv84IdF4TyFoC0ysxFd0Goxw7nSv4T/PzEJQxsYsEiFCKo2BA==}
    engines: {node: '>=8.6'}
    dependencies:
      braces: 3.0.3
      picomatch: 2.3.1
    dev: true

  /msgpackr-extract@3.0.3:
    resolution: {integrity: sha512-P0efT1C9jIdVRefqjzOQ9Xml57zpOXnIuS+csaB4MdZbTdmGDLo8XhzBG1N7aO11gKDDkJvBLULeFTo46wwreA==}
    hasBin: true
    requiresBuild: true
    dependencies:
      node-gyp-build-optional-packages: 5.2.2
    optionalDependencies:
      '@msgpackr-extract/msgpackr-extract-darwin-arm64': 3.0.3
      '@msgpackr-extract/msgpackr-extract-darwin-x64': 3.0.3
      '@msgpackr-extract/msgpackr-extract-linux-arm': 3.0.3
      '@msgpackr-extract/msgpackr-extract-linux-arm64': 3.0.3
      '@msgpackr-extract/msgpackr-extract-linux-x64': 3.0.3
      '@msgpackr-extract/msgpackr-extract-win32-x64': 3.0.3
    dev: true
    optional: true

  /msgpackr@1.11.0:
    resolution: {integrity: sha512-I8qXuuALqJe5laEBYoFykChhSXLikZmUhccjGsPuSJ/7uPip2TJ7lwdIQwWSAi0jGZDXv4WOP8Qg65QZRuXxXw==}
    optionalDependencies:
      msgpackr-extract: 3.0.3
    dev: true

  /node-addon-api@6.1.0:
    resolution: {integrity: sha512-+eawOlIgy680F0kBzPUNFhMZGtJ1YmqM6l4+Crf4IkImjYrO/mqPwRMh352g23uIaQKFItcQ64I7KMaJxHgAVA==}
    dev: true

  /node-addon-api@7.1.1:
    resolution: {integrity: sha512-5m3bsyrjFWE1xf7nz7YXdN4udnVtXK6/Yfgn5qnahL6bCkf2yKt4k3nuTKAtT4r3IG8JNR2ncsIMdZuAzJjHQQ==}
    dev: true

  /node-gyp-build-optional-packages@5.1.1:
    resolution: {integrity: sha512-+P72GAjVAbTxjjwUmwjVrqrdZROD4nf8KgpBoDxqXXTiYZZt/ud60dE5yvCSr9lRO8e8yv6kgJIC0K0PfZFVQw==}
    hasBin: true
    dependencies:
      detect-libc: 2.0.3
    dev: true

  /node-gyp-build-optional-packages@5.2.2:
    resolution: {integrity: sha512-s+w+rBWnpTMwSFbaE0UXsRlg7hU4FjekKU4eyAih5T8nJuNZT1nNsskXpxmeqSK9UzkBl6UgRlnKc8hz8IEqOw==}
    hasBin: true
    requiresBuild: true
    dependencies:
      detect-libc: 2.0.3
    dev: true
    optional: true

  /node-releases@2.0.18:
    resolution: {integrity: sha512-d9VeXT4SJ7ZeOqGX6R5EM022wpL+eWPooLI+5UpWn2jCT1aosUQEhQP214x33Wkwx3JQMvIm+tIoVOdodFS40g==}
    dev: true

  /nullthrows@1.1.1:
    resolution: {integrity: sha512-2vPPEi+Z7WqML2jZYddDIfy5Dqb0r2fze2zTxNNknZaFpVHU3mFB3R+DWeJWGVx0ecvttSGlJTI+WG+8Z4cDWw==}
    dev: true

  /ordered-binary@1.5.2:
    resolution: {integrity: sha512-JTo+4+4Fw7FreyAvlSLjb1BBVaxEQAacmjD3jjuyPZclpbEghTvQZbXBb2qPd2LeIMxiHwXBZUcpmG2Gl/mDEA==}
    dev: true

  /picocolors@1.1.1:
    resolution: {integrity: sha512-xceH2snhtb5M9liqDsmEw56le376mTZkEX/jEb/RxNFyegNul7eNslCXP9FDj/Lcu0X8KEyMceP2ntpaHrDEVA==}
    dev: true

  /picomatch@2.3.1:
    resolution: {integrity: sha512-JU3teHTNjmE2VCGFzuY8EXzCDVwEqB2a8fsIvwaStHhAWJEeVd1o1QD80CU6+ZdEXXSLbSsuLwJjkCBWqRQUVA==}
    engines: {node: '>=8.6'}
    dev: true

  /readdirp@4.0.2:
    resolution: {integrity: sha512-yDMz9g+VaZkqBYS/ozoBJwaBhTbZo3UNYQHNRw1D3UFQB8oHB4uS/tAODO+ZLjGWmUbKnIlOWO+aaIiAxrUWHA==}
    engines: {node: '>= 14.16.0'}
    dev: true

  /safe-buffer@5.2.1:
    resolution: {integrity: sha512-rp3So07KcdmmKbGvgaNxQSJr7bGVSVk5S9Eq1F+ppbRo70+YeaDxkw5Dd8NPN+GD6bjnYm2VuPuCXmpuYvmCXQ==}
    dev: true

  /sass@1.80.3:
    resolution: {integrity: sha512-ptDWyVmDMVielpz/oWy3YP3nfs7LpJTHIJZboMVs8GEC9eUmtZTZhMHlTW98wY4aEorDfjN38+Wr/XjskFWcfA==}
    engines: {node: '>=14.0.0'}
    hasBin: true
    dependencies:
      '@parcel/watcher': 2.4.1
      chokidar: 4.0.1
      immutable: 4.3.7
      source-map-js: 1.2.1
    dev: true

  /semver@7.6.3:
    resolution: {integrity: sha512-oVekP1cKtI+CTDvHWYFUcMtsK/00wmAEfyqKfNdARm8u1wNVhSgaX7A8d4UuIlUI5e84iEwOhs7ZPYRmzU9U6A==}
    engines: {node: '>=10'}
    hasBin: true
    dev: true

  /source-map-js@1.2.1:
    resolution: {integrity: sha512-UXWMKhLOwVKb728IUtQPXxfYU+usdybtUrK/8uGE8CQMvrhOpwvzDBwj0QhSL7MQc7vIsISBG8VQ8+IDQxpfQA==}
    engines: {node: '>=0.10.0'}
    dev: true

  /supports-color@7.2.0:
    resolution: {integrity: sha512-qpCAvRl9stuOHveKsn7HncJRvv501qIacKzQlO/+Lwxc9+0q2wLyv4Dfvt80/DPn2pqOBsJdDiogXGR9+OvwRw==}
    engines: {node: '>=8'}
    dependencies:
      has-flag: 4.0.0
    dev: true

  /to-regex-range@5.0.1:
    resolution: {integrity: sha512-65P7iz6X5yEr1cwcgvQxbbIw7Uk3gOy5dIdtZ4rDveLqhrdJP+Li/Hx6tyK0NEb+2GCyneCMJiGqrADCSNk8sQ==}
    engines: {node: '>=8.0'}
    dependencies:
      is-number: 7.0.0
    dev: true

  /update-browserslist-db@1.1.1(browserslist@4.24.0):
    resolution: {integrity: sha512-R8UzCaa9Az+38REPiJ1tXlImTJXlVfgHZsglwBD/k6nj76ctsH1E3q4doGrukiLQd3sGQYu56r5+lo5r94l29A==}
    hasBin: true
    peerDependencies:
      browserslist: '>= 4.21.0'
    dependencies:
      browserslist: 4.24.0
      escalade: 3.2.0
      picocolors: 1.1.1
    dev: true

  /utility-types@3.11.0:
    resolution: {integrity: sha512-6Z7Ma2aVEWisaL6TvBCy7P8rm2LQoPv6dJ7ecIaIixHcwfbJ0x7mWdbcwlIM5IGQxPZSFYeqRCqlOOeKoJYMkw==}
    engines: {node: '>= 4'}
    dev: true

  /weak-lru-cache@1.2.2:
    resolution: {integrity: sha512-DEAoo25RfSYMuTGc9vPJzZcZullwIqRDSI9LOy+fkCJPi6hykCnfKaXTuPBDuXAUcqHXyOgFtHNp/kB2FjYHbw==}
    dev: true
